{
  "name": "dmxprojectortool",
  "version": "1.0.0",
  "lockfileVersion": 1,
  "requires": true,
  "dependencies": {
    "stagehack-sacn": {
      "version": "1.0.7",
      "resolved": "https://registry.npmjs.org/stagehack-sacn/-/stagehack-sacn-1.0.7.tgz",
      "integrity": "sha512-Iv9mqRY5XKMWTtFKH7S6hqOiVEblnBndkIET2ziqBccrvIcGNsixmkkzUeVMX4AlvfxeRSUIfAsLste1DHzVzw=="
    }
  }
}
